
Microsoft Visual Studio Solution File, Format Version 12.00
# Visual Studio 2013
VisualStudioVersion = 12.0.30110.0
MinimumVisualStudioVersion = 10.0.40219.1
Project("{FAE04EC0-301F-11D3-BF4B-00C04F79EFBC}") = "InRonStudenter.ModelClass", "RonStudenter.ModelClass\InRonStudenter.ModelClass.csproj", "{D024599E-D35A-4571-B61A-F90B5481E354}"
EndProject
Project("{FAE04EC0-301F-11D3-BF4B-00C04F79EFBC}") = "InRonStudenter.MVCWeb", "InRonStudenter.MVCWeb\InRonStudenter.MVCWeb.csproj", "{12B0DFC3-60AB-489D-B131-E04227B374A0}"
EndProject
Project("{FAE04EC0-301F-11D3-BF4B-00C04F79EFBC}") = "InRonStudenter.Silverlight", "InRonStudenter.Silverlight\InRonStudenter.Silverlight.csproj", "{E2D85B6C-F804-483B-A181-B334AC95D617}"
	ProjectSection(ProjectDependencies) = postProject
		{12B0DFC3-60AB-489D-B131-E04227B374A0} = {12B0DFC3-60AB-489D-B131-E04227B374A0}
	EndProjectSection
EndProject
Global
	GlobalSection(SolutionConfigurationPlatforms) = preSolution
		Debug|Any CPU = Debug|Any CPU
		Release|Any CPU = Release|Any CPU
	EndGlobalSection
	GlobalSection(ProjectConfigurationPlatforms) = postSolution
		{D024599E-D35A-4571-B61A-F90B5481E354}.Debug|Any CPU.ActiveCfg = Debug|Any CPU
		{D024599E-D35A-4571-B61A-F90B5481E354}.Debug|Any CPU.Build.0 = Debug|Any CPU
		{D024599E-D35A-4571-B61A-F90B5481E354}.Release|Any CPU.ActiveCfg = Release|Any CPU
		{D024599E-D35A-4571-B61A-F90B5481E354}.Release|Any CPU.Build.0 = Release|Any CPU
		{12B0DFC3-60AB-489D-B131-E04227B374A0}.Debug|Any CPU.ActiveCfg = Debug|Any CPU
		{12B0DFC3-60AB-489D-B131-E04227B374A0}.Debug|Any CPU.Build.0 = Debug|Any CPU
		{12B0DFC3-60AB-489D-B131-E04227B374A0}.Release|Any CPU.ActiveCfg = Release|Any CPU
		{12B0DFC3-60AB-489D-B131-E04227B374A0}.Release|Any CPU.Build.0 = Release|Any CPU
		{E2D85B6C-F804-483B-A181-B334AC95D617}.Debug|Any CPU.ActiveCfg = Debug|Any CPU
		{E2D85B6C-F804-483B-A181-B334AC95D617}.Debug|Any CPU.Build.0 = Debug|Any CPU
		{E2D85B6C-F804-483B-A181-B334AC95D617}.Release|Any CPU.ActiveCfg = Release|Any CPU
		{E2D85B6C-F804-483B-A181-B334AC95D617}.Release|Any CPU.Build.0 = Release|Any CPU
	EndGlobalSection
	GlobalSection(SolutionProperties) = preSolution
		HideSolutionNode = FALSE
	EndGlobalSection
EndGlobal
